
Microsoft Visual Studio Solution File, Format Version 12.00
# Visual Studio 15
VisualStudioVersion = 15.0.26430.12
MinimumVisualStudioVersion = 10.0.40219.1
Project("{FAE04EC0-301F-11D3-BF4B-00C04F79EFBC}") = "DemoApp", "DemoApp\DemoApp.csproj", "{034C22E3-6DCA-4252-9BED-195E752687D6}"
EndProject
Project("{FAE04EC0-301F-11D3-BF4B-00C04F79EFBC}") = "DemoApp.Tests", "DemoApp.Tests\DemoApp.Tests.csproj", "{741AC6E7-0727-4E96-87E8-68736F7A27AF}"
EndProject
Global
	GlobalSection(SolutionConfigurationPlatforms) = preSolution
		Debug|Any CPU = Debug|Any CPU
		Release|Any CPU = Release|Any CPU
	EndGlobalSection
	GlobalSection(ProjectConfigurationPlatforms) = postSolution
		{034C22E3-6DCA-4252-9BED-195E752687D6}.Debug|Any CPU.ActiveCfg = Debug|Any CPU
		{034C22E3-6DCA-4252-9BED-195E752687D6}.Debug|Any CPU.Build.0 = Debug|Any CPU
		{034C22E3-6DCA-4252-9BED-195E752687D6}.Release|Any CPU.ActiveCfg = Release|Any CPU
		{034C22E3-6DCA-4252-9BED-195E752687D6}.Release|Any CPU.Build.0 = Release|Any CPU
		{741AC6E7-0727-4E96-87E8-68736F7A27AF}.Debug|Any CPU.ActiveCfg = Debug|Any CPU
		{741AC6E7-0727-4E96-87E8-68736F7A27AF}.Debug|Any CPU.Build.0 = Debug|Any CPU
		{741AC6E7-0727-4E96-87E8-68736F7A27AF}.Release|Any CPU.ActiveCfg = Release|Any CPU
		{741AC6E7-0727-4E96-87E8-68736F7A27AF}.Release|Any CPU.Build.0 = Release|Any CPU
	EndGlobalSection
	GlobalSection(SolutionProperties) = preSolution
		HideSolutionNode = FALSE
	EndGlobalSection
EndGlobal
